
Microsoft Visual Studio Solution File, Format Version 12.00
# Visual Studio Version 17
VisualStudioVersion = 17.11.35312.102
MinimumVisualStudioVersion = 10.0.40219.1
Project("{F184B08F-C81C-45F6-A57F-5ABD9991F28F}") = "WIA Gas Leak Monitoring System", "WIA Gas Leak Monitoring System\WIA Gas Leak Monitoring System.vbproj", "{89373753-7051-4FA6-B00E-93A2EB705B02}"
EndProject
Global
	GlobalSection(SolutionConfigurationPlatforms) = preSolution
		Debug|Any CPU = Debug|Any CPU
		Release|Any CPU = Release|Any CPU
	EndGlobalSection
	GlobalSection(ProjectConfigurationPlatforms) = postSolution
		{89373753-7051-4FA6-B00E-93A2EB705B02}.Debug|Any CPU.ActiveCfg = Debug|Any CPU
		{89373753-7051-4FA6-B00E-93A2EB705B02}.Debug|Any CPU.Build.0 = Debug|Any CPU
		{89373753-7051-4FA6-B00E-93A2EB705B02}.Release|Any CPU.ActiveCfg = Release|Any CPU
		{89373753-7051-4FA6-B00E-93A2EB705B02}.Release|Any CPU.Build.0 = Release|Any CPU
	EndGlobalSection
	GlobalSection(SolutionProperties) = preSolution
		HideSolutionNode = FALSE
	EndGlobalSection
	GlobalSection(ExtensibilityGlobals) = postSolution
		SolutionGuid = {C12E42C7-5982-41C8-ABCA-9463174EE7E1}
	EndGlobalSection
EndGlobal
